
Microsoft Visual Studio Solution File, Format Version 12.00
# Visual Studio Version 16
VisualStudioVersion = 16.0.31515.178
MinimumVisualStudioVersion = 10.0.40219.1
Project("{8BC9CEB8-8B4A-11D0-8D11-00A0C91BC942}") = "basic_tests", "tests\basic_tests.vcxproj", "{025C9280-6302-401E-949F-F82DF4D47204}"
EndProject
Project("{2150E333-8FDC-42A3-9474-1A3956D46DE8}") = "nuget", "nuget", "{71601B88-F90C-44CB-8AA1-45CF0FFE5A17}"
	ProjectSection(SolutionItems) = preProject
		nuget\SiddiqSoft.RWLEnvelope.nuspec = nuget\SiddiqSoft.RWLEnvelope.nuspec
		nuget\SiddiqSoft.RWLEnvelope.targets = nuget\SiddiqSoft.RWLEnvelope.targets
	EndProjectSection
EndProject
Project("{2150E333-8FDC-42A3-9474-1A3956D46DE8}") = "src", "src", "{54846193-894C-4194-BF12-A1945ED51AD2}"
	ProjectSection(SolutionItems) = preProject
		src\RWLEnvelope.hpp = src\RWLEnvelope.hpp
	EndProjectSection
EndProject
Project("{2150E333-8FDC-42A3-9474-1A3956D46DE8}") = "tests", "tests", "{E3225AD9-7341-43C0-954D-7FBB1AE16523}"
EndProject
Project("{2150E333-8FDC-42A3-9474-1A3956D46DE8}") = "Solution Items", "Solution Items", "{5FA16617-55F9-4A6E-93DC-82A1542E89AD}"
	ProjectSection(SolutionItems) = preProject
		.clang-format = .clang-format
		.clang-tidy = .clang-tidy
		.gitattributes = .gitattributes
		.gitignore = .gitignore
		azure-pipelines.yml = azure-pipelines.yml
		GitVersion.yml = GitVersion.yml
		LICENSE = LICENSE
		README.md = README.md
	EndProjectSection
EndProject
Global
	GlobalSection(SolutionConfigurationPlatforms) = preSolution
		Debug|x64 = Debug|x64
		Release|x64 = Release|x64
	EndGlobalSection
	GlobalSection(ProjectConfigurationPlatforms) = postSolution
		{025C9280-6302-401E-949F-F82DF4D47204}.Debug|x64.ActiveCfg = Debug|x64
		{025C9280-6302-401E-949F-F82DF4D47204}.Debug|x64.Build.0 = Debug|x64
		{025C9280-6302-401E-949F-F82DF4D47204}.Release|x64.ActiveCfg = Release|x64
		{025C9280-6302-401E-949F-F82DF4D47204}.Release|x64.Build.0 = Release|x64
	EndGlobalSection
	GlobalSection(SolutionProperties) = preSolution
		HideSolutionNode = FALSE
	EndGlobalSection
	GlobalSection(NestedProjects) = preSolution
		{025C9280-6302-401E-949F-F82DF4D47204} = {E3225AD9-7341-43C0-954D-7FBB1AE16523}
	EndGlobalSection
	GlobalSection(ExtensibilityGlobals) = postSolution
		SolutionGuid = {D66E8D17-8D48-4FF3-903F-6F4B2F9C56AA}
	EndGlobalSection
EndGlobal
